
Microsoft Visual Studio Solution File, Format Version 12.00
# Visual Studio Version 17
VisualStudioVersion = 17.5.33414.496
MinimumVisualStudioVersion = 10.0.40219.1
Project("{9A19103F-16F7-4668-BE54-9A1E7A4F7556}") = "LuxHom", "LuxHom.csproj", "{FF440EE8-653C-4BA1-9175-69E9A14CE868}"
EndProject
Global
	GlobalSection(SolutionConfigurationPlatforms) = preSolution
		Debug|Any CPU = Debug|Any CPU
		Release|Any CPU = Release|Any CPU
	EndGlobalSection
	GlobalSection(ProjectConfigurationPlatforms) = postSolution
		{FF440EE8-653C-4BA1-9175-69E9A14CE868}.Debug|Any CPU.ActiveCfg = Debug|Any CPU
		{FF440EE8-653C-4BA1-9175-69E9A14CE868}.Debug|Any CPU.Build.0 = Debug|Any CPU
		{FF440EE8-653C-4BA1-9175-69E9A14CE868}.Release|Any CPU.ActiveCfg = Release|Any CPU
		{FF440EE8-653C-4BA1-9175-69E9A14CE868}.Release|Any CPU.Build.0 = Release|Any CPU
	EndGlobalSection
	GlobalSection(SolutionProperties) = preSolution
		HideSolutionNode = FALSE
	EndGlobalSection
	GlobalSection(ExtensibilityGlobals) = postSolution
		SolutionGuid = {AF9A10FB-8A90-4831-942E-26F48893B019}
	EndGlobalSection
EndGlobal
