
Microsoft Visual Studio Solution File, Format Version 12.00
# Visual Studio Version 17
VisualStudioVersion = 17.5.33414.496
MinimumVisualStudioVersion = 10.0.40219.1
Project("{9A19103F-16F7-4668-BE54-9A1E7A4F7556}") = "LuxHomModel", "..\LuxHomModel\LuxHomModel.csproj", "{D47CBB6B-7038-4138-8E5E-7229295A0222}"
EndProject
Project("{9A19103F-16F7-4668-BE54-9A1E7A4F7556}") = "LuxHomAPI", "..\LuxHomAPI\LuxHomAPI.csproj", "{0DE468AD-CC49-426D-AA9F-CFE80ECC0E1A}"
EndProject
Project("{FAE04EC0-301F-11D3-BF4B-00C04F79EFBC}") = "LuxHom", "LuxHom\LuxHom.csproj", "{04E32756-511C-45CE-92E3-637B8EAB995E}"
EndProject
Global
	GlobalSection(SolutionConfigurationPlatforms) = preSolution
		Debug|Any CPU = Debug|Any CPU
		Release|Any CPU = Release|Any CPU
	EndGlobalSection
	GlobalSection(ProjectConfigurationPlatforms) = postSolution
		{D47CBB6B-7038-4138-8E5E-7229295A0222}.Debug|Any CPU.ActiveCfg = Debug|Any CPU
		{D47CBB6B-7038-4138-8E5E-7229295A0222}.Debug|Any CPU.Build.0 = Debug|Any CPU
		{D47CBB6B-7038-4138-8E5E-7229295A0222}.Release|Any CPU.ActiveCfg = Release|Any CPU
		{D47CBB6B-7038-4138-8E5E-7229295A0222}.Release|Any CPU.Build.0 = Release|Any CPU
		{0DE468AD-CC49-426D-AA9F-CFE80ECC0E1A}.Debug|Any CPU.ActiveCfg = Debug|Any CPU
		{0DE468AD-CC49-426D-AA9F-CFE80ECC0E1A}.Debug|Any CPU.Build.0 = Debug|Any CPU
		{0DE468AD-CC49-426D-AA9F-CFE80ECC0E1A}.Release|Any CPU.ActiveCfg = Release|Any CPU
		{0DE468AD-CC49-426D-AA9F-CFE80ECC0E1A}.Release|Any CPU.Build.0 = Release|Any CPU
		{04E32756-511C-45CE-92E3-637B8EAB995E}.Debug|Any CPU.ActiveCfg = Debug|Any CPU
		{04E32756-511C-45CE-92E3-637B8EAB995E}.Debug|Any CPU.Build.0 = Debug|Any CPU
		{04E32756-511C-45CE-92E3-637B8EAB995E}.Release|Any CPU.ActiveCfg = Release|Any CPU
		{04E32756-511C-45CE-92E3-637B8EAB995E}.Release|Any CPU.Build.0 = Release|Any CPU
	EndGlobalSection
	GlobalSection(SolutionProperties) = preSolution
		HideSolutionNode = FALSE
	EndGlobalSection
	GlobalSection(ExtensibilityGlobals) = postSolution
		SolutionGuid = {AF9A10FB-8A90-4831-942E-26F48893B019}
	EndGlobalSection
EndGlobal
